// !$*UTF8*$!
{ archiveVersion = 1; classes = {}; objectVersion = 56; objects = {
9A13BD0939BCDD3794534F73 = {isa = PBXFileReference; lastKnownFileType = "sourcecode.swift"; path = "App/Board/BoardPieces.swift"; sourceTree = SOURCE_ROOT;};
975F2499D41BF242E435F47E = {isa = PBXBuildFile; fileRef = 9A13BD0939BCDD3794534F73;};
891CD27B8C2E8A304B46BBA7 = {isa = PBXFileReference; lastKnownFileType = "sourcecode.swift"; path = "App/Board/BoardScreen.swift"; sourceTree = SOURCE_ROOT;};
8024E32BEEE3CA14D5267EB5 = {isa = PBXBuildFile; fileRef = 891CD27B8C2E8A304B46BBA7;};
F9937B97543E412FC2E1CE35 = {isa = PBXFileReference; lastKnownFileType = "sourcecode.swift"; path = "App/Board/IssueScreen.swift"; sourceTree = SOURCE_ROOT;};
644489498FE8AF8932989E5A = {isa = PBXBuildFile; fileRef = F9937B97543E412FC2E1CE35;};
EDDDB774D872A755856630B0 = {isa = PBXFileReference; lastKnownFileType = "sourcecode.swift"; path = "App/Board/PullFilesScreen.swift"; sourceTree = SOURCE_ROOT;};
AC0A52578FCB502A45E1CA70 = {isa = PBXBuildFile; fileRef = EDDDB774D872A755856630B0;};
11222C45A1A61E05C53FFF66 = {isa = PBXFileReference; lastKnownFileType = "sourcecode.swift"; path = "App/Board/PullModel.swift"; sourceTree = SOURCE_ROOT;};
DDFB2E33654892D57939385E = {isa = PBXBuildFile; fileRef = 11222C45A1A61E05C53FFF66;};
A072D6004729E2A8C308DE28 = {isa = PBXFileReference; lastKnownFileType = "sourcecode.swift"; path = "App/Board/PullRun.swift"; sourceTree = SOURCE_ROOT;};
AEAA00CA32A9431B835EC126 = {isa = PBXBuildFile; fileRef = A072D6004729E2A8C308DE28;};
B94167780014739292B701F2 = {isa = PBXFileReference; lastKnownFileType = "sourcecode.swift"; path = "App/Board/PullScreen.swift"; sourceTree = SOURCE_ROOT;};
394601BFADC440FE4D2F8FB0 = {isa = PBXBuildFile; fileRef = B94167780014739292B701F2;};
0C2E728A14E9332AE3A2168A = {isa = PBXFileReference; lastKnownFileType = "text.plist.entitlements"; path = "App/Briareus-CarPlay.entitlements"; sourceTree = SOURCE_ROOT;};
436DB53090811A6B8002EAB9 = {isa = PBXFileReference; lastKnownFileType = "text.plist.entitlements"; path = "App/Briareus-macOS.entitlements"; sourceTree = SOURCE_ROOT;};
0CBA4E83E05178C1AAA168E0 = {isa = PBXFileReference; lastKnownFileType = "sourcecode.swift"; path = "App/BriareusApp.swift"; sourceTree = SOURCE_ROOT;};
2B51E6508031477F65CBA677 = {isa = PBXBuildFile; fileRef = 0CBA4E83E05178C1AAA168E0;};
25FD2FC37AC6BDE7922EAB69 = {isa = PBXFileReference; lastKnownFileType = "sourcecode.swift"; path = "App/Car/CarDictation.swift"; sourceTree = SOURCE_ROOT;};
EBF187BEB2BD81C46FE726CC = {isa = PBXBuildFile; fileRef = 25FD2FC37AC6BDE7922EAB69;};
9D5B1DF94B057B25AFF0BA5B = {isa = PBXFileReference; lastKnownFileType = "sourcecode.swift"; path = "App/Car/CarMenus.swift"; sourceTree = SOURCE_ROOT;};
E421D3FDE0095AAB5105186B = {isa = PBXBuildFile; fileRef = 9D5B1DF94B057B25AFF0BA5B;};
C98C3DF561F65FDE1F9AA643 = {isa = PBXFileReference; lastKnownFileType = "sourcecode.swift"; path = "App/Car/CarPlayScene.swift"; sourceTree = SOURCE_ROOT;};
04F38427ECC57D9E2592F7FA = {isa = PBXBuildFile; fileRef = C98C3DF561F65FDE1F9AA643;};
084CB57F834A9434D38E8B41 = {isa = PBXFileReference; lastKnownFileType = "sourcecode.swift"; path = "App/Conversations/ComposerFiles.swift"; sourceTree = SOURCE_ROOT;};
1A4200EADC9BBA56B0C56F62 = {isa = PBXBuildFile; fileRef = 084CB57F834A9434D38E8B41;};
B2BBB57D9E766F36BF057F18 = {isa = PBXFileReference; lastKnownFileType = "sourcecode.swift"; path = "App/Conversations/ComposerVoiceNote.swift"; sourceTree = SOURCE_ROOT;};
50DE31D120E88090BE10F369 = {isa = PBXBuildFile; fileRef = B2BBB57D9E766F36BF057F18;};
AAF3A67ABB39AFE21989FC48 = {isa = PBXFileReference; lastKnownFileType = "sourcecode.swift"; path = "App/Conversations/ConversationComposer.swift"; sourceTree = SOURCE_ROOT;};
13E32967674C9A8810D044A1 = {isa = PBXBuildFile; fileRef = AAF3A67ABB39AFE21989FC48;};
8851F343A0D0D4533F08E90C = {isa = PBXFileReference; lastKnownFileType = "sourcecode.swift"; path = "App/Conversations/ConversationScreen.swift"; sourceTree = SOURCE_ROOT;};
A06ED60D8564564D31F1E343 = {isa = PBXBuildFile; fileRef = 8851F343A0D0D4533F08E90C;};
E99A107F3CAFD86AA3F781B2 = {isa = PBXFileReference; lastKnownFileType = "sourcecode.swift"; path = "App/Conversations/ConversationScreenModel.swift"; sourceTree = SOURCE_ROOT;};
B3E4A317DDEBE42C333EFEBC = {isa = PBXBuildFile; fileRef = E99A107F3CAFD86AA3F781B2;};
2B5BBF146EF17CC219599396 = {isa = PBXFileReference; lastKnownFileType = "sourcecode.swift"; path = "App/Conversations/ConversationTranscript.swift"; sourceTree = SOURCE_ROOT;};
1F12DDDFADC20445A465A9FE = {isa = PBXBuildFile; fileRef = 2B5BBF146EF17CC219599396;};
CC6C987669E184EBC0114ACD = {isa = PBXFileReference; lastKnownFileType = "sourcecode.swift"; path = "App/Conversations/NewConversationSheet.swift"; sourceTree = SOURCE_ROOT;};
CDE9FA5939C3A30739B6EF7E = {isa = PBXBuildFile; fileRef = CC6C987669E184EBC0114ACD;};
416B7D2C57213354A594D599 = {isa = PBXFileReference; lastKnownFileType = "sourcecode.swift"; path = "App/Conversations/ProjectView.swift"; sourceTree = SOURCE_ROOT;};
BF8E90A9914BF0B5BA15D2B0 = {isa = PBXBuildFile; fileRef = 416B7D2C57213354A594D599;};
FA09E1BF77E0C67030574FE3 = {isa = PBXFileReference; lastKnownFileType = "sourcecode.swift"; path = "App/Conversations/ProjectsList.swift"; sourceTree = SOURCE_ROOT;};
476ECCD0CD80AD11957BD953 = {isa = PBXBuildFile; fileRef = FA09E1BF77E0C67030574FE3;};
5E7E341D4D407B99A635D7EF = {isa = PBXFileReference; lastKnownFileType = "sourcecode.swift"; path = "App/Conversations/SessionDetailsSheet.swift"; sourceTree = SOURCE_ROOT;};
BA7BB293A7E8C6EB5DC4B3A9 = {isa = PBXBuildFile; fileRef = 5E7E341D4D407B99A635D7EF;};
529A5EB2A98BF35F9481D6D4 = {isa = PBXFileReference; lastKnownFileType = "sourcecode.swift"; path = "App/Findings/FindingsScreen.swift"; sourceTree = SOURCE_ROOT;};
81B15C8B90A9D4689B40F522 = {isa = PBXBuildFile; fileRef = 529A5EB2A98BF35F9481D6D4;};
4A444C20DF333A4B10E377F0 = {isa = PBXFileReference; lastKnownFileType = "sourcecode.swift"; path = "App/Findings/TriageCard.swift"; sourceTree = SOURCE_ROOT;};
A1F0054893663F756D0301BE = {isa = PBXBuildFile; fileRef = 4A444C20DF333A4B10E377F0;};
24F58FF382669FC1CA810D87 = {isa = PBXFileReference; lastKnownFileType = "sourcecode.swift"; path = "App/Findings/UsageScreen.swift"; sourceTree = SOURCE_ROOT;};
9FF0D2FBAAC88848BEAB6127 = {isa = PBXBuildFile; fileRef = 24F58FF382669FC1CA810D87;};
AE25B880993B6858C63131D8 = {isa = PBXFileReference; lastKnownFileType = "text.plist.xml"; path = "App/Info-macOS.plist"; sourceTree = SOURCE_ROOT;};
A2CDD2B51B9CC7AF9D7B2D55 = {isa = PBXFileReference; lastKnownFileType = "text.plist.xml"; path = "App/Info.plist"; sourceTree = SOURCE_ROOT;};
EC4D5E496768972CF3D163AF = {isa = PBXFileReference; lastKnownFileType = "sourcecode.swift"; path = "App/Keychain.swift"; sourceTree = SOURCE_ROOT;};
6669D82276C0AD8890F11852 = {isa = PBXBuildFile; fileRef = EC4D5E496768972CF3D163AF;};
01FF95C08F01AD5E9CBBEC02 = {isa = PBXFileReference; lastKnownFileType = "sourcecode.swift"; path = "App/Navigation.swift"; sourceTree = SOURCE_ROOT;};
19FE9C87E445C64736E90A68 = {isa = PBXBuildFile; fileRef = 01FF95C08F01AD5E9CBBEC02;};
EB078E2ECF7238D992D29749 = {isa = PBXFileReference; lastKnownFileType = "sourcecode.swift"; path = "App/Platform.swift"; sourceTree = SOURCE_ROOT;};
F1E02D7048290481CA4F915B = {isa = PBXBuildFile; fileRef = EB078E2ECF7238D992D29749;};
CFE0EB6E4BB63A7D0998194B = {isa = PBXFileReference; lastKnownFileType = "text.xml"; path = "App/PrivacyInfo.xcprivacy"; sourceTree = SOURCE_ROOT;};
F393B25561589E45A7A55E69 = {isa = PBXBuildFile; fileRef = CFE0EB6E4BB63A7D0998194B;};
A3C262EEF6DEBB4A7881E123 = {isa = PBXFileReference; lastKnownFileType = "sourcecode.swift"; path = "App/ProjectFeed.swift"; sourceTree = SOURCE_ROOT;};
DB44D8528EDDAD360EE0D91C = {isa = PBXBuildFile; fileRef = A3C262EEF6DEBB4A7881E123;};
40A6526092681C08F77F03E0 = {isa = PBXFileReference; lastKnownFileType = "sourcecode.swift"; path = "App/Settings/DBServerSettingsScreen.swift"; sourceTree = SOURCE_ROOT;};
DD9A9D2BCE2F16293CF198C5 = {isa = PBXBuildFile; fileRef = 40A6526092681C08F77F03E0;};
443EF85FDD5D9B3EC986B087 = {isa = PBXFileReference; lastKnownFileType = "sourcecode.swift"; path = "App/Settings/ProjectSettingsScreen.swift"; sourceTree = SOURCE_ROOT;};
4DCC6949811DA657E767778B = {isa = PBXBuildFile; fileRef = 443EF85FDD5D9B3EC986B087;};
59ABD2FC951CEA3CD5FCF163 = {isa = PBXFileReference; lastKnownFileType = "sourcecode.swift"; path = "App/Settings/ProviderSettingsScreen.swift"; sourceTree = SOURCE_ROOT;};
EF533A2EC2F2CE2F638694FA = {isa = PBXBuildFile; fileRef = 59ABD2FC951CEA3CD5FCF163;};
1934687389CCA147F56AB89B = {isa = PBXFileReference; lastKnownFileType = "sourcecode.swift"; path = "App/Settings/SSHServerSettingsScreen.swift"; sourceTree = SOURCE_ROOT;};
E24F25692BDAB37376A1311E = {isa = PBXBuildFile; fileRef = 1934687389CCA147F56AB89B;};
BA0A2B3161C5D738889B10CE = {isa = PBXFileReference; lastKnownFileType = "sourcecode.swift"; path = "App/Settings/SettingsFormKit.swift"; sourceTree = SOURCE_ROOT;};
35BD5EED3E835D890D6DDF46 = {isa = PBXBuildFile; fileRef = BA0A2B3161C5D738889B10CE;};
5CEA453578EB6DA7AF323F23 = {isa = PBXFileReference; lastKnownFileType = "sourcecode.swift"; path = "App/Settings/SettingsScreen.swift"; sourceTree = SOURCE_ROOT;};
E9C110432AD3A96CCB783012 = {isa = PBXBuildFile; fileRef = 5CEA453578EB6DA7AF323F23;};
EB11F39B48389C20506133FF = {isa = PBXFileReference; lastKnownFileType = "sourcecode.swift"; path = "App/Store.swift"; sourceTree = SOURCE_ROOT;};
2C2A948FF1D8AFA81AECF478 = {isa = PBXBuildFile; fileRef = EB11F39B48389C20506133FF;};
75977628ED8743B860B66DA4 = {isa = PBXFileReference; lastKnownFileType = "sourcecode.swift"; path = "App/Theme.swift"; sourceTree = SOURCE_ROOT;};
5B8749248E5ACF60B398825F = {isa = PBXBuildFile; fileRef = 75977628ED8743B860B66DA4;};
50EFA6995D5824C63A2BE0ED = {isa = PBXFileReference; lastKnownFileType = "sourcecode.swift"; path = "App/Voice/LiveCall.swift"; sourceTree = SOURCE_ROOT;};
3F6665DD640B89226210F77D = {isa = PBXBuildFile; fileRef = 50EFA6995D5824C63A2BE0ED;};
54AD9A6156A9F0968B9587B5 = {isa = PBXFileReference; lastKnownFileType = "sourcecode.swift"; path = "App/Voice/VoiceScreen.swift"; sourceTree = SOURCE_ROOT;};
F76C2FFD6F8B8F1CEE43980B = {isa = PBXBuildFile; fileRef = 54AD9A6156A9F0968B9587B5;};
895C5B39105AB83703E01262 = {isa = PBXFileReference; lastKnownFileType = "sourcecode.swift"; path = "App/Voice/VoiceSession.swift"; sourceTree = SOURCE_ROOT;};
279449D048C8CF88E76FDA84 = {isa = PBXBuildFile; fileRef = 895C5B39105AB83703E01262;};
B7CBE7201541DC399CC0664C = {isa = PBXFileReference; lastKnownFileType = "sourcecode.swift"; path = "App/Voice/VoiceSettings.swift"; sourceTree = SOURCE_ROOT;};
F9FD3CC1031A7A664C693C01 = {isa = PBXBuildFile; fileRef = B7CBE7201541DC399CC0664C;};
9B729BFD8E247548FC49A912 = {isa = PBXFileReference; lastKnownFileType = "sourcecode.swift"; path = "App/Voice/VoiceSettingsScreen.swift"; sourceTree = SOURCE_ROOT;};
A8D7AF66F61F0EAF9E9C93C5 = {isa = PBXBuildFile; fileRef = 9B729BFD8E247548FC49A912;};
E0C46FC9C6960273B8657C66 = {isa = PBXFileReference; lastKnownFileType = folder.assetcatalog; path = "App/Assets.xcassets"; sourceTree = SOURCE_ROOT;};
168227E37D04E2910FDCA52B = {isa = PBXBuildFile; fileRef = E0C46FC9C6960273B8657C66;};
FC4A695F02A8A53A129DCB9A = {isa = PBXGroup; children = (9A13BD0939BCDD3794534F73,891CD27B8C2E8A304B46BBA7,F9937B97543E412FC2E1CE35,EDDDB774D872A755856630B0,11222C45A1A61E05C53FFF66,A072D6004729E2A8C308DE28,B94167780014739292B701F2,0C2E728A14E9332AE3A2168A,436DB53090811A6B8002EAB9,0CBA4E83E05178C1AAA168E0,25FD2FC37AC6BDE7922EAB69,9D5B1DF94B057B25AFF0BA5B,C98C3DF561F65FDE1F9AA643,084CB57F834A9434D38E8B41,B2BBB57D9E766F36BF057F18,AAF3A67ABB39AFE21989FC48,8851F343A0D0D4533F08E90C,E99A107F3CAFD86AA3F781B2,2B5BBF146EF17CC219599396,CC6C987669E184EBC0114ACD,416B7D2C57213354A594D599,FA09E1BF77E0C67030574FE3,5E7E341D4D407B99A635D7EF,529A5EB2A98BF35F9481D6D4,4A444C20DF333A4B10E377F0,24F58FF382669FC1CA810D87,AE25B880993B6858C63131D8,A2CDD2B51B9CC7AF9D7B2D55,EC4D5E496768972CF3D163AF,01FF95C08F01AD5E9CBBEC02,EB078E2ECF7238D992D29749,CFE0EB6E4BB63A7D0998194B,A3C262EEF6DEBB4A7881E123,40A6526092681C08F77F03E0,443EF85FDD5D9B3EC986B087,59ABD2FC951CEA3CD5FCF163,1934687389CCA147F56AB89B,BA0A2B3161C5D738889B10CE,5CEA453578EB6DA7AF323F23,EB11F39B48389C20506133FF,75977628ED8743B860B66DA4,50EFA6995D5824C63A2BE0ED,54AD9A6156A9F0968B9587B5,895C5B39105AB83703E01262,B7CBE7201541DC399CC0664C,9B729BFD8E247548FC49A912,E0C46FC9C6960273B8657C66,); name = "App"; sourceTree = "<group>";};
F4BB293BCC77F5C85240135D = {isa = PBXFileReference; lastKnownFileType = "sourcecode.swift"; path = "Mac/Core/API.swift"; sourceTree = SOURCE_ROOT;};
041BB6B334DF17D77A658457 = {isa = PBXBuildFile; fileRef = F4BB293BCC77F5C85240135D;};
13A597F105C1661AD73A1322 = {isa = PBXFileReference; lastKnownFileType = "sourcecode.swift"; path = "Mac/Core/Board.swift"; sourceTree = SOURCE_ROOT;};
768E4B7F73D7580D13A1AC4D = {isa = PBXBuildFile; fileRef = 13A597F105C1661AD73A1322;};
50600EBA95FCEE9995CFAAC7 = {isa = PBXFileReference; lastKnownFileType = "sourcecode.swift"; path = "Mac/Core/BoardLogic.swift"; sourceTree = SOURCE_ROOT;};
1D54BF6B75C99BF0BEECDEF5 = {isa = PBXBuildFile; fileRef = 50600EBA95FCEE9995CFAAC7;};
DB4E7DC45C39B725DACF78BA = {isa = PBXFileReference; lastKnownFileType = "sourcecode.swift"; path = "Mac/Core/Cache.swift"; sourceTree = SOURCE_ROOT;};
A9A0E4541C3E9ED1BAC1EC51 = {isa = PBXBuildFile; fileRef = DB4E7DC45C39B725DACF78BA;};
7A37C6E078F1EAF130BE6FD6 = {isa = PBXFileReference; lastKnownFileType = "sourcecode.swift"; path = "Mac/Core/CarText.swift"; sourceTree = SOURCE_ROOT;};
270B69D959FA10F3161238D7 = {isa = PBXBuildFile; fileRef = 7A37C6E078F1EAF130BE6FD6;};
E43B5CEB85B049AA7FD0D0B2 = {isa = PBXFileReference; lastKnownFileType = "sourcecode.swift"; path = "Mac/Core/Connection.swift"; sourceTree = SOURCE_ROOT;};
F42B2435D9AED129F2CDF00E = {isa = PBXBuildFile; fileRef = E43B5CEB85B049AA7FD0D0B2;};
BBB1C3EF7DF43E5C17BC0701 = {isa = PBXFileReference; lastKnownFileType = "sourcecode.swift"; path = "Mac/Core/ConversationLogic.swift"; sourceTree = SOURCE_ROOT;};
43F01367BF7A7128EACCCAE6 = {isa = PBXBuildFile; fileRef = BBB1C3EF7DF43E5C17BC0701;};
2D30CA74702CC8AFBCE6D671 = {isa = PBXFileReference; lastKnownFileType = "sourcecode.swift"; path = "Mac/Core/Diff.swift"; sourceTree = SOURCE_ROOT;};
80FF9F4FD901E452A9CF8A1C = {isa = PBXBuildFile; fileRef = 2D30CA74702CC8AFBCE6D671;};
EF6BEFF4BF99655497A989A5 = {isa = PBXFileReference; lastKnownFileType = "sourcecode.swift"; path = "Mac/Core/FindingsLogic.swift"; sourceTree = SOURCE_ROOT;};
36AE8327BF547D7378911518 = {isa = PBXBuildFile; fileRef = EF6BEFF4BF99655497A989A5;};
42CF250A31873A56DCAAFBEE = {isa = PBXFileReference; lastKnownFileType = "sourcecode.swift"; path = "Mac/Core/Format.swift"; sourceTree = SOURCE_ROOT;};
9E63F810B2D08118E49205B7 = {isa = PBXBuildFile; fileRef = 42CF250A31873A56DCAAFBEE;};
51BEFF30F8CF67DBB07CABF2 = {isa = PBXFileReference; lastKnownFileType = "sourcecode.swift"; path = "Mac/Core/JSON.swift"; sourceTree = SOURCE_ROOT;};
5DEA1690CECA10E93CE06FD3 = {isa = PBXBuildFile; fileRef = 51BEFF30F8CF67DBB07CABF2;};
04E361D060D7F343CC865A7B = {isa = PBXFileReference; lastKnownFileType = "sourcecode.swift"; path = "Mac/Core/Markdown.swift"; sourceTree = SOURCE_ROOT;};
ED1C993BE98ABD12ADB7C247 = {isa = PBXBuildFile; fileRef = 04E361D060D7F343CC865A7B;};
2D5BC38BE7713D106D36A13B = {isa = PBXFileReference; lastKnownFileType = "sourcecode.swift"; path = "Mac/Core/Models.swift"; sourceTree = SOURCE_ROOT;};
59B5C4260190377DA5BC65A5 = {isa = PBXBuildFile; fileRef = 2D5BC38BE7713D106D36A13B;};
6F510B2E908C9EEC3F6B98B2 = {isa = PBXFileReference; lastKnownFileType = "sourcecode.swift"; path = "Mac/Core/PhoneConversations.swift"; sourceTree = SOURCE_ROOT;};
8E99659DDDA127DBBF398C6E = {isa = PBXBuildFile; fileRef = 6F510B2E908C9EEC3F6B98B2;};
DF00AB2A6DAE97CBB664898F = {isa = PBXFileReference; lastKnownFileType = "sourcecode.swift"; path = "Mac/Core/PhoneFindings.swift"; sourceTree = SOURCE_ROOT;};
CEB6DA4E2A6FF7627C1A6B15 = {isa = PBXBuildFile; fileRef = DF00AB2A6DAE97CBB664898F;};
2DE9B3933F196E9504E79423 = {isa = PBXFileReference; lastKnownFileType = "sourcecode.swift"; path = "Mac/Core/PullFiles.swift"; sourceTree = SOURCE_ROOT;};
D2F21DCB27B8151AA14CE815 = {isa = PBXBuildFile; fileRef = 2DE9B3933F196E9504E79423;};
89543868212E821FE08CE7BD = {isa = PBXFileReference; lastKnownFileType = "sourcecode.swift"; path = "Mac/Core/RunLog.swift"; sourceTree = SOURCE_ROOT;};
6DB03136A982F5D54BC7C3FB = {isa = PBXBuildFile; fileRef = 89543868212E821FE08CE7BD;};
D91D3A1D9C359C824B172A54 = {isa = PBXFileReference; lastKnownFileType = "sourcecode.swift"; path = "Mac/Core/Runtimes.swift"; sourceTree = SOURCE_ROOT;};
1F1DEC95B4D2BDAA6062ED6E = {isa = PBXBuildFile; fileRef = D91D3A1D9C359C824B172A54;};
3D720DFB5CE1D28EED571848 = {isa = PBXFileReference; lastKnownFileType = "sourcecode.swift"; path = "Mac/Core/SFTP.swift"; sourceTree = SOURCE_ROOT;};
ECF35AB1D96D8BF004CFBABA = {isa = PBXBuildFile; fileRef = 3D720DFB5CE1D28EED571848;};
90098C1A300637D02BDFA3BA = {isa = PBXFileReference; lastKnownFileType = "sourcecode.swift"; path = "Mac/Core/SFTPProtocol.swift"; sourceTree = SOURCE_ROOT;};
02EC302F9392BB53486ABBED = {isa = PBXBuildFile; fileRef = 90098C1A300637D02BDFA3BA;};
25E84543314923C6ADE1990E = {isa = PBXFileReference; lastKnownFileType = "sourcecode.swift"; path = "Mac/Core/SettingsLogic.swift"; sourceTree = SOURCE_ROOT;};
8C27F70BD6A6F90882E990EC = {isa = PBXBuildFile; fileRef = 25E84543314923C6ADE1990E;};
07B9DC2312BF5166DDF2D227 = {isa = PBXFileReference; lastKnownFileType = "sourcecode.swift"; path = "Mac/Core/TerminalInput.swift"; sourceTree = SOURCE_ROOT;};
0C3EEC05487F33F311B90031 = {isa = PBXBuildFile; fileRef = 07B9DC2312BF5166DDF2D227;};
06303B49964B049FCFCA8D0F = {isa = PBXFileReference; lastKnownFileType = "sourcecode.swift"; path = "Mac/Core/UsageLogic.swift"; sourceTree = SOURCE_ROOT;};
813977F7D634EE4C763697DC = {isa = PBXBuildFile; fileRef = 06303B49964B049FCFCA8D0F;};
9C4281B756C8AA358E10C9F4 = {isa = PBXFileReference; lastKnownFileType = "sourcecode.swift"; path = "Mac/Core/VT.swift"; sourceTree = SOURCE_ROOT;};
173BF9D2CB8C81CE16DC5CCC = {isa = PBXBuildFile; fileRef = 9C4281B756C8AA358E10C9F4;};
81047D9D6D9689457FBC599E = {isa = PBXFileReference; lastKnownFileType = "sourcecode.swift"; path = "Mac/Core/Voice.swift"; sourceTree = SOURCE_ROOT;};
0E9D260E999DA21D97B88011 = {isa = PBXBuildFile; fileRef = 81047D9D6D9689457FBC599E;};
85A200C5F192D53066F550AF = {isa = PBXGroup; children = (F4BB293BCC77F5C85240135D,13A597F105C1661AD73A1322,50600EBA95FCEE9995CFAAC7,DB4E7DC45C39B725DACF78BA,7A37C6E078F1EAF130BE6FD6,E43B5CEB85B049AA7FD0D0B2,BBB1C3EF7DF43E5C17BC0701,2D30CA74702CC8AFBCE6D671,EF6BEFF4BF99655497A989A5,42CF250A31873A56DCAAFBEE,51BEFF30F8CF67DBB07CABF2,04E361D060D7F343CC865A7B,2D5BC38BE7713D106D36A13B,6F510B2E908C9EEC3F6B98B2,DF00AB2A6DAE97CBB664898F,2DE9B3933F196E9504E79423,89543868212E821FE08CE7BD,D91D3A1D9C359C824B172A54,3D720DFB5CE1D28EED571848,90098C1A300637D02BDFA3BA,25E84543314923C6ADE1990E,07B9DC2312BF5166DDF2D227,06303B49964B049FCFCA8D0F,9C4281B756C8AA358E10C9F4,81047D9D6D9689457FBC599E,); name = "Mac/Core"; sourceTree = "<group>";};
9BF969DB2F2A47868B677517 = {isa = PBXFileReference; lastKnownFileType = "sourcecode.swift"; path = "UITests/PairingTests.swift"; sourceTree = SOURCE_ROOT;};
87E08AD776435B6EEFC01FBA = {isa = PBXBuildFile; fileRef = 9BF969DB2F2A47868B677517;};
8D5093D2C263EEDEAE2010BE = {isa = PBXGroup; children = (9BF969DB2F2A47868B677517,); name = "UITests"; sourceTree = "<group>";};
8C67BEE8C167483A8B7A0499 = {isa = PBXFileReference; lastKnownFileType = "sourcecode.swift"; path = "Mac/App/Board/BoardKit.swift"; sourceTree = SOURCE_ROOT;};
5F239CCC51598EFE835FBD8B = {isa = PBXBuildFile; fileRef = 8C67BEE8C167483A8B7A0499;};
68968EDC54B2162E2C529929 = {isa = PBXFileReference; lastKnownFileType = "sourcecode.swift"; path = "Mac/App/Board/BoardScreen.swift"; sourceTree = SOURCE_ROOT;};
BDA367C6A9DD1BF571A9B27C = {isa = PBXBuildFile; fileRef = 68968EDC54B2162E2C529929;};
4DDF5CBBFC10E0310F75C32D = {isa = PBXFileReference; lastKnownFileType = "sourcecode.swift"; path = "Mac/App/Board/IssueScreen.swift"; sourceTree = SOURCE_ROOT;};
13BF32B96FDCEABAADBFE870 = {isa = PBXBuildFile; fileRef = 4DDF5CBBFC10E0310F75C32D;};
F8F452C86EAE405725438EF4 = {isa = PBXFileReference; lastKnownFileType = "sourcecode.swift"; path = "Mac/App/Board/PullFilesScreen.swift"; sourceTree = SOURCE_ROOT;};
18BC6DFC8E71FF992324F1B7 = {isa = PBXBuildFile; fileRef = F8F452C86EAE405725438EF4;};
CAE8B96E911B37124DD53422 = {isa = PBXFileReference; lastKnownFileType = "sourcecode.swift"; path = "Mac/App/Board/PullModel.swift"; sourceTree = SOURCE_ROOT;};
8EA9482C1AA5A51703A0FB65 = {isa = PBXBuildFile; fileRef = CAE8B96E911B37124DD53422;};
E85E308576CDB78428829286 = {isa = PBXFileReference; lastKnownFileType = "sourcecode.swift"; path = "Mac/App/Board/PullScreen.swift"; sourceTree = SOURCE_ROOT;};
A4FD98765654E5D2738877AD = {isa = PBXBuildFile; fileRef = E85E308576CDB78428829286;};
99983DE2025D1D20B40B850E = {isa = PBXFileReference; lastKnownFileType = "sourcecode.swift"; path = "Mac/App/Board/RemoteHooks.swift"; sourceTree = SOURCE_ROOT;};
1847352401B8BC76F247C6C3 = {isa = PBXBuildFile; fileRef = 99983DE2025D1D20B40B850E;};
492C5B62B2E2F1D460A99B41 = {isa = PBXFileReference; lastKnownFileType = "sourcecode.swift"; path = "Mac/App/BriareusApp.swift"; sourceTree = SOURCE_ROOT;};
11BF29B5A272E5DA6F5CED4A = {isa = PBXBuildFile; fileRef = 492C5B62B2E2F1D460A99B41;};
F4592D50C74678B7EF65ABB6 = {isa = PBXFileReference; lastKnownFileType = "sourcecode.swift"; path = "Mac/App/Components.swift"; sourceTree = SOURCE_ROOT;};
ADBD95BF8EC687AECEB722E6 = {isa = PBXBuildFile; fileRef = F4592D50C74678B7EF65ABB6;};
EE05C04C66BED5EB07A3A1EF = {isa = PBXFileReference; lastKnownFileType = "sourcecode.swift"; path = "Mac/App/Conversation/Attachments.swift"; sourceTree = SOURCE_ROOT;};
4C9DDE2D4D39AD7F5A6E41D8 = {isa = PBXBuildFile; fileRef = EE05C04C66BED5EB07A3A1EF;};
180C32C5B767184DA62AFC91 = {isa = PBXFileReference; lastKnownFileType = "sourcecode.swift"; path = "Mac/App/Conversation/Composer.swift"; sourceTree = SOURCE_ROOT;};
D6616D2EC9E2406CE3AC2FFE = {isa = PBXBuildFile; fileRef = 180C32C5B767184DA62AFC91;};
0EBA64786B9D9AE582EDA532 = {isa = PBXFileReference; lastKnownFileType = "sourcecode.swift"; path = "Mac/App/Conversation/ConversationScreen.swift"; sourceTree = SOURCE_ROOT;};
883EC5FAEA6A496BA489068A = {isa = PBXBuildFile; fileRef = 0EBA64786B9D9AE582EDA532;};
8C455FEBC124C31E41D0A70A = {isa = PBXFileReference; lastKnownFileType = "sourcecode.swift"; path = "Mac/App/Conversation/ConversationTranscript.swift"; sourceTree = SOURCE_ROOT;};
8FC54FA12B5E40AE1F20EE28 = {isa = PBXBuildFile; fileRef = 8C455FEBC124C31E41D0A70A;};
A4FBAA7796B6459512EBF94A = {isa = PBXFileReference; lastKnownFileType = "sourcecode.swift"; path = "Mac/App/Conversation/SessionPanel.swift"; sourceTree = SOURCE_ROOT;};
9E1E482EC230CAE42C7080B9 = {isa = PBXBuildFile; fileRef = A4FBAA7796B6459512EBF94A;};
F2DFBA3AC4D379208F4B8BC4 = {isa = PBXFileReference; lastKnownFileType = "sourcecode.swift"; path = "Mac/App/Conversation/VoiceNote.swift"; sourceTree = SOURCE_ROOT;};
A960B7900E36FEE986826D8A = {isa = PBXBuildFile; fileRef = F2DFBA3AC4D379208F4B8BC4;};
D69DD96BEA90D039D633F5B1 = {isa = PBXFileReference; lastKnownFileType = "sourcecode.swift"; path = "Mac/App/Dialogs.swift"; sourceTree = SOURCE_ROOT;};
E9B487F818811AF3C040E14A = {isa = PBXBuildFile; fileRef = D69DD96BEA90D039D633F5B1;};
13F17759083763DA65C83CC0 = {isa = PBXFileReference; lastKnownFileType = "sourcecode.swift"; path = "Mac/App/Findings/FindingsScreen.swift"; sourceTree = SOURCE_ROOT;};
29227A9035B2B99017786B96 = {isa = PBXBuildFile; fileRef = 13F17759083763DA65C83CC0;};
2F8574228719E8FABBE86B99 = {isa = PBXFileReference; lastKnownFileType = "sourcecode.swift"; path = "Mac/App/Findings/Pieces.swift"; sourceTree = SOURCE_ROOT;};
22F907174BD08F7983FCB042 = {isa = PBXBuildFile; fileRef = 2F8574228719E8FABBE86B99;};
788F2351165E74A56C2E691C = {isa = PBXFileReference; lastKnownFileType = "sourcecode.swift"; path = "Mac/App/Findings/UsageScreen.swift"; sourceTree = SOURCE_ROOT;};
0F35AA5DE538A43E9AC88C02 = {isa = PBXBuildFile; fileRef = 788F2351165E74A56C2E691C;};
5F3301F7FC5B3D7689EC50F7 = {isa = PBXFileReference; lastKnownFileType = "sourcecode.swift"; path = "Mac/App/Keychain.swift"; sourceTree = SOURCE_ROOT;};
0C92FC9934C6CC6EC9F55E9D = {isa = PBXBuildFile; fileRef = 5F3301F7FC5B3D7689EC50F7;};
2138680138BD4A59DD8DB906 = {isa = PBXFileReference; lastKnownFileType = "sourcecode.swift"; path = "Mac/App/Navigation.swift"; sourceTree = SOURCE_ROOT;};
896BD3DC2A2A5284325FF5ED = {isa = PBXBuildFile; fileRef = 2138680138BD4A59DD8DB906;};
769E20B23BF5C4500B38F1E9 = {isa = PBXFileReference; lastKnownFileType = "sourcecode.swift"; path = "Mac/App/Remote/Askpass.swift"; sourceTree = SOURCE_ROOT;};
99C21744422D6E290F592A70 = {isa = PBXBuildFile; fileRef = 769E20B23BF5C4500B38F1E9;};
2147DDA95B48D0147826FA3F = {isa = PBXFileReference; lastKnownFileType = "sourcecode.swift"; path = "Mac/App/Remote/ChildProcess.swift"; sourceTree = SOURCE_ROOT;};
A3CF1B073C643726A536351A = {isa = PBXBuildFile; fileRef = 2147DDA95B48D0147826FA3F;};
B81B5CAA5EDF7276D90A26AC = {isa = PBXFileReference; lastKnownFileType = "sourcecode.swift"; path = "Mac/App/Remote/ProjectSFTPTab.swift"; sourceTree = SOURCE_ROOT;};
8A7140FACA13CA91EE54B61C = {isa = PBXBuildFile; fileRef = B81B5CAA5EDF7276D90A26AC;};
B57675D8FCBF701208EF2626 = {isa = PBXFileReference; lastKnownFileType = "sourcecode.swift"; path = "Mac/App/Remote/ProjectSSHTab.swift"; sourceTree = SOURCE_ROOT;};
36BE0D77C4DCD7791BDAF9AC = {isa = PBXBuildFile; fileRef = B57675D8FCBF701208EF2626;};
85CBA15775355102CBFAD71E = {isa = PBXFileReference; lastKnownFileType = "sourcecode.swift"; path = "Mac/App/Remote/RemoteBoardHooks.swift"; sourceTree = SOURCE_ROOT;};
CE65FD692B6B61B9B51A772B = {isa = PBXBuildFile; fileRef = 85CBA15775355102CBFAD71E;};
547EA00D8C23CAB57AFED990 = {isa = PBXFileReference; lastKnownFileType = "sourcecode.swift"; path = "Mac/App/Remote/RemoteShared.swift"; sourceTree = SOURCE_ROOT;};
365E0EB1107633D341CDF596 = {isa = PBXBuildFile; fileRef = 547EA00D8C23CAB57AFED990;};
F5D4C637EA54A61DB55CA007 = {isa = PBXFileReference; lastKnownFileType = "sourcecode.swift"; path = "Mac/App/Remote/SFTPSession.swift"; sourceTree = SOURCE_ROOT;};
9EF84EFDFF5CBBF4D6D51504 = {isa = PBXBuildFile; fileRef = F5D4C637EA54A61DB55CA007;};
86372603E7932B86F0F65961 = {isa = PBXFileReference; lastKnownFileType = "sourcecode.swift"; path = "Mac/App/Remote/TerminalCanvas.swift"; sourceTree = SOURCE_ROOT;};
9828E4BD38F2099156959061 = {isa = PBXBuildFile; fileRef = 86372603E7932B86F0F65961;};
574C75B62889DC5D715A5F36 = {isa = PBXFileReference; lastKnownFileType = "sourcecode.swift"; path = "Mac/App/Remote/TerminalSession.swift"; sourceTree = SOURCE_ROOT;};
2B1DAAFE69AB20AA026D73C4 = {isa = PBXBuildFile; fileRef = 574C75B62889DC5D715A5F36;};
A86961D347BA6FCC0EDEB073 = {isa = PBXFileReference; lastKnownFileType = "sourcecode.swift"; path = "Mac/App/Settings/DBServerSettingsScreen.swift"; sourceTree = SOURCE_ROOT;};
DF627B8AC3A254551B90A3F3 = {isa = PBXBuildFile; fileRef = A86961D347BA6FCC0EDEB073;};
AD3462CF269495851E4CECCE = {isa = PBXFileReference; lastKnownFileType = "sourcecode.swift"; path = "Mac/App/Settings/ProjectSettingsScreen.swift"; sourceTree = SOURCE_ROOT;};
84F00AE976C2DD35D755E749 = {isa = PBXBuildFile; fileRef = AD3462CF269495851E4CECCE;};
109830D576A6DC4EBBDD420B = {isa = PBXFileReference; lastKnownFileType = "sourcecode.swift"; path = "Mac/App/Settings/ProviderSettingsScreen.swift"; sourceTree = SOURCE_ROOT;};
E193B6B56F968BCB83D924F0 = {isa = PBXBuildFile; fileRef = 109830D576A6DC4EBBDD420B;};
3E2AB16BFA8132E21B9DCFB6 = {isa = PBXFileReference; lastKnownFileType = "sourcecode.swift"; path = "Mac/App/Settings/SSHServerSettingsScreen.swift"; sourceTree = SOURCE_ROOT;};
43E29B094AECE39EE2DDCC42 = {isa = PBXBuildFile; fileRef = 3E2AB16BFA8132E21B9DCFB6;};
A007FD0518C66B2AF4DB18CB = {isa = PBXFileReference; lastKnownFileType = "sourcecode.swift"; path = "Mac/App/Settings/SettingsKit.swift"; sourceTree = SOURCE_ROOT;};
A4BCE2CD327887EC0D25B276 = {isa = PBXBuildFile; fileRef = A007FD0518C66B2AF4DB18CB;};
04EDFC75E0FF4FEF483E92EA = {isa = PBXFileReference; lastKnownFileType = "sourcecode.swift"; path = "Mac/App/Settings/SettingsSidebar.swift"; sourceTree = SOURCE_ROOT;};
32BEF2FD5FD6BAADD1DFE21D = {isa = PBXBuildFile; fileRef = 04EDFC75E0FF4FEF483E92EA;};
8D0C921578F9A9A0AB3DC09C = {isa = PBXFileReference; lastKnownFileType = "sourcecode.swift"; path = "Mac/App/Shared/Events.swift"; sourceTree = SOURCE_ROOT;};
6B0E6D86C5981ACD4F67ED9E = {isa = PBXBuildFile; fileRef = 8D0C921578F9A9A0AB3DC09C;};
1C1CDB6936A63B8BF9468079 = {isa = PBXFileReference; lastKnownFileType = "sourcecode.swift"; path = "Mac/App/Shared/MarkdownView.swift"; sourceTree = SOURCE_ROOT;};
9204B07ECE6C74B728235EFA = {isa = PBXBuildFile; fileRef = 1C1CDB6936A63B8BF9468079;};
99A4986F7DB909BC44F2611F = {isa = PBXFileReference; lastKnownFileType = "sourcecode.swift"; path = "Mac/App/Shared/ProjectsModel.swift"; sourceTree = SOURCE_ROOT;};
243A63DB95F4ABC3A516A704 = {isa = PBXBuildFile; fileRef = 99A4986F7DB909BC44F2611F;};
932C8FC3DEA0D58CDA41D46A = {isa = PBXFileReference; lastKnownFileType = "sourcecode.swift"; path = "Mac/App/Shared/Rows.swift"; sourceTree = SOURCE_ROOT;};
9876CACC9274D23079320869 = {isa = PBXBuildFile; fileRef = 932C8FC3DEA0D58CDA41D46A;};
FFF1FFD734348B04F9BB7949 = {isa = PBXFileReference; lastKnownFileType = "sourcecode.swift"; path = "Mac/App/Shared/SelectableText.swift"; sourceTree = SOURCE_ROOT;};
EF975C533005F577DEA2F6EE = {isa = PBXBuildFile; fileRef = FFF1FFD734348B04F9BB7949;};
423B36613F594F4CBB5BF0D7 = {isa = PBXFileReference; lastKnownFileType = "sourcecode.swift"; path = "Mac/App/Shared/WebView.swift"; sourceTree = SOURCE_ROOT;};
D766D0581ECD32E30C9E894F = {isa = PBXBuildFile; fileRef = 423B36613F594F4CBB5BF0D7;};
323027190E1A79804A2F48F5 = {isa = PBXFileReference; lastKnownFileType = "sourcecode.swift"; path = "Mac/App/Sidebar/Media.swift"; sourceTree = SOURCE_ROOT;};
7CBA75378760B94E663D53CB = {isa = PBXBuildFile; fileRef = 323027190E1A79804A2F48F5;};
75CBEC110FE40312FDFD0B88 = {isa = PBXFileReference; lastKnownFileType = "sourcecode.swift"; path = "Mac/App/Sidebar/NewSessionScreen.swift"; sourceTree = SOURCE_ROOT;};
E180BF90A316A44E7A60AC94 = {isa = PBXBuildFile; fileRef = 75CBEC110FE40312FDFD0B88;};
D9D4893FF2EA581902D82F9C = {isa = PBXFileReference; lastKnownFileType = "sourcecode.swift"; path = "Mac/App/Sidebar/PairingScreen.swift"; sourceTree = SOURCE_ROOT;};
694E81B9C4831A353E52456C = {isa = PBXBuildFile; fileRef = D9D4893FF2EA581902D82F9C;};
43097F95DD66BA36CA90835F = {isa = PBXFileReference; lastKnownFileType = "sourcecode.swift"; path = "Mac/App/Sidebar/PlaceholderScreen.swift"; sourceTree = SOURCE_ROOT;};
660006676A5A28653015FFF8 = {isa = PBXBuildFile; fileRef = 43097F95DD66BA36CA90835F;};
327D150A3748AF7A8F3BD0CB = {isa = PBXFileReference; lastKnownFileType = "sourcecode.swift"; path = "Mac/App/Sidebar/ProjectsSidebar.swift"; sourceTree = SOURCE_ROOT;};
6F89CA09EAABFCA7ABEEF823 = {isa = PBXBuildFile; fileRef = 327D150A3748AF7A8F3BD0CB;};
3F0BDADCD7849D48A2B1BF4F = {isa = PBXFileReference; lastKnownFileType = "sourcecode.swift"; path = "Mac/App/Sidebar/SidebarFooter.swift"; sourceTree = SOURCE_ROOT;};
BCC71EFC7B7FCF8F895FDE8D = {isa = PBXBuildFile; fileRef = 3F0BDADCD7849D48A2B1BF4F;};
3F1B2C05DF7A2ECC32A4E8CB = {isa = PBXFileReference; lastKnownFileType = "sourcecode.swift"; path = "Mac/App/Sidebar/SidebarRows.swift"; sourceTree = SOURCE_ROOT;};
28CCC60B86A675AB2BA659BA = {isa = PBXBuildFile; fileRef = 3F1B2C05DF7A2ECC32A4E8CB;};
0ED802671245CA66D5EBA9C2 = {isa = PBXFileReference; lastKnownFileType = "sourcecode.swift"; path = "Mac/App/Sidebar/SidebarSessions.swift"; sourceTree = SOURCE_ROOT;};
D2CB644BA42A63F88880E1F8 = {isa = PBXBuildFile; fileRef = 0ED802671245CA66D5EBA9C2;};
768EF25DC7DB591322D3F84E = {isa = PBXFileReference; lastKnownFileType = "sourcecode.swift"; path = "Mac/App/Sidebar/SidebarStrip.swift"; sourceTree = SOURCE_ROOT;};
C203AD1F47E25C42FCE64A7B = {isa = PBXBuildFile; fileRef = 768EF25DC7DB591322D3F84E;};
A86CCB5A7E2BC11CB9F75A9C = {isa = PBXFileReference; lastKnownFileType = "sourcecode.swift"; path = "Mac/App/Sidebar/WebAppScreen.swift"; sourceTree = SOURCE_ROOT;};
8645E0943FD6310F266D53B1 = {isa = PBXBuildFile; fileRef = A86CCB5A7E2BC11CB9F75A9C;};
3B003F128070B37A4A372928 = {isa = PBXFileReference; lastKnownFileType = "sourcecode.swift"; path = "Mac/App/Store.swift"; sourceTree = SOURCE_ROOT;};
8C30D347D40FE502E7A08743 = {isa = PBXBuildFile; fileRef = 3B003F128070B37A4A372928;};
EF3B34F72C3FD7B7730E19D7 = {isa = PBXFileReference; lastKnownFileType = "sourcecode.swift"; path = "Mac/App/Theme.swift"; sourceTree = SOURCE_ROOT;};
C645539ADD84B7C61F94AA79 = {isa = PBXBuildFile; fileRef = EF3B34F72C3FD7B7730E19D7;};
B9B461F583EB77949557ABD5 = {isa = PBXFileReference; lastKnownFileType = "text.plist.entitlements"; path = "Mac/Briareus.entitlements"; sourceTree = SOURCE_ROOT;};
7EE55E592D62AE0AD47FBEC8 = {isa = PBXBuildFile; fileRef = F4BB293BCC77F5C85240135D;};
63CB3F4F767C3E42505703D7 = {isa = PBXBuildFile; fileRef = 13A597F105C1661AD73A1322;};
E2A5CAB9A3F5541203A90EEA = {isa = PBXBuildFile; fileRef = 50600EBA95FCEE9995CFAAC7;};
A480A57A43F08072EF03EA36 = {isa = PBXBuildFile; fileRef = DB4E7DC45C39B725DACF78BA;};
AFCD6361C2773616B77DF805 = {isa = PBXBuildFile; fileRef = 7A37C6E078F1EAF130BE6FD6;};
B6ED2B2875B09690DC1BC93D = {isa = PBXBuildFile; fileRef = E43B5CEB85B049AA7FD0D0B2;};
709DF7C2FBE3903759B2E53F = {isa = PBXBuildFile; fileRef = BBB1C3EF7DF43E5C17BC0701;};
7573BFED7F1EA3C47C4982C1 = {isa = PBXBuildFile; fileRef = 2D30CA74702CC8AFBCE6D671;};
550D208F811913D11A1E31DA = {isa = PBXBuildFile; fileRef = EF6BEFF4BF99655497A989A5;};
91D4E7A07BD576E0714A6538 = {isa = PBXBuildFile; fileRef = 42CF250A31873A56DCAAFBEE;};
84EF6DE18D0125C21B0CBA80 = {isa = PBXBuildFile; fileRef = 51BEFF30F8CF67DBB07CABF2;};
5B4704415AD544DE7B6E4EE7 = {isa = PBXBuildFile; fileRef = 04E361D060D7F343CC865A7B;};
EEA48C4451FC59243BB5791E = {isa = PBXBuildFile; fileRef = 2D5BC38BE7713D106D36A13B;};
3F7A89F6469B4D4114C71EA1 = {isa = PBXBuildFile; fileRef = 6F510B2E908C9EEC3F6B98B2;};
4F799B5321CBF98282D76756 = {isa = PBXBuildFile; fileRef = DF00AB2A6DAE97CBB664898F;};
5B1E750E8372797488F5D479 = {isa = PBXBuildFile; fileRef = 2DE9B3933F196E9504E79423;};
2944DD6754C950119B12AE23 = {isa = PBXBuildFile; fileRef = 89543868212E821FE08CE7BD;};
ED7E217BA13DEBE65A118779 = {isa = PBXBuildFile; fileRef = D91D3A1D9C359C824B172A54;};
D2272AD01C96F6B8A2AFECDB = {isa = PBXBuildFile; fileRef = 3D720DFB5CE1D28EED571848;};
2562DB66F3E55D1D10A03AA8 = {isa = PBXBuildFile; fileRef = 90098C1A300637D02BDFA3BA;};
7111D3AABBC9F79793619433 = {isa = PBXBuildFile; fileRef = 25E84543314923C6ADE1990E;};
5207647628F08CB3C94FFDD0 = {isa = PBXBuildFile; fileRef = 07B9DC2312BF5166DDF2D227;};
D8DA72FC728052E836E2D7B1 = {isa = PBXBuildFile; fileRef = 06303B49964B049FCFCA8D0F;};
153819B980B9664248790E5D = {isa = PBXBuildFile; fileRef = 9C4281B756C8AA358E10C9F4;};
440F61430FF77168318E5477 = {isa = PBXBuildFile; fileRef = 81047D9D6D9689457FBC599E;};
12656D8443B96A871C165E29 = {isa = PBXFileReference; lastKnownFileType = "text.plist.xml"; path = "Mac/Info.plist"; sourceTree = SOURCE_ROOT;};
A02B1BBA67917F22738D2441 = {isa = PBXFileReference; lastKnownFileType = folder.assetcatalog; path = "Mac/Assets.xcassets"; sourceTree = SOURCE_ROOT;};
B419703F733556E2F0430164 = {isa = PBXBuildFile; fileRef = A02B1BBA67917F22738D2441;};
08BCE2D9A3206BF0D7143D86 = {isa = PBXGroup; children = (8C67BEE8C167483A8B7A0499,68968EDC54B2162E2C529929,4DDF5CBBFC10E0310F75C32D,F8F452C86EAE405725438EF4,CAE8B96E911B37124DD53422,E85E308576CDB78428829286,99983DE2025D1D20B40B850E,492C5B62B2E2F1D460A99B41,F4592D50C74678B7EF65ABB6,EE05C04C66BED5EB07A3A1EF,180C32C5B767184DA62AFC91,0EBA64786B9D9AE582EDA532,8C455FEBC124C31E41D0A70A,A4FBAA7796B6459512EBF94A,F2DFBA3AC4D379208F4B8BC4,D69DD96BEA90D039D633F5B1,13F17759083763DA65C83CC0,2F8574228719E8FABBE86B99,788F2351165E74A56C2E691C,5F3301F7FC5B3D7689EC50F7,2138680138BD4A59DD8DB906,769E20B23BF5C4500B38F1E9,2147DDA95B48D0147826FA3F,B81B5CAA5EDF7276D90A26AC,B57675D8FCBF701208EF2626,85CBA15775355102CBFAD71E,547EA00D8C23CAB57AFED990,F5D4C637EA54A61DB55CA007,86372603E7932B86F0F65961,574C75B62889DC5D715A5F36,A86961D347BA6FCC0EDEB073,AD3462CF269495851E4CECCE,109830D576A6DC4EBBDD420B,3E2AB16BFA8132E21B9DCFB6,A007FD0518C66B2AF4DB18CB,04EDFC75E0FF4FEF483E92EA,8D0C921578F9A9A0AB3DC09C,1C1CDB6936A63B8BF9468079,99A4986F7DB909BC44F2611F,932C8FC3DEA0D58CDA41D46A,FFF1FFD734348B04F9BB7949,423B36613F594F4CBB5BF0D7,323027190E1A79804A2F48F5,75CBEC110FE40312FDFD0B88,D9D4893FF2EA581902D82F9C,43097F95DD66BA36CA90835F,327D150A3748AF7A8F3BD0CB,3F0BDADCD7849D48A2B1BF4F,3F1B2C05DF7A2ECC32A4E8CB,0ED802671245CA66D5EBA9C2,768EF25DC7DB591322D3F84E,A86CCB5A7E2BC11CB9F75A9C,3B003F128070B37A4A372928,EF3B34F72C3FD7B7730E19D7,B9B461F583EB77949557ABD5,F4BB293BCC77F5C85240135D,13A597F105C1661AD73A1322,50600EBA95FCEE9995CFAAC7,DB4E7DC45C39B725DACF78BA,7A37C6E078F1EAF130BE6FD6,E43B5CEB85B049AA7FD0D0B2,BBB1C3EF7DF43E5C17BC0701,2D30CA74702CC8AFBCE6D671,EF6BEFF4BF99655497A989A5,42CF250A31873A56DCAAFBEE,51BEFF30F8CF67DBB07CABF2,04E361D060D7F343CC865A7B,2D5BC38BE7713D106D36A13B,6F510B2E908C9EEC3F6B98B2,DF00AB2A6DAE97CBB664898F,2DE9B3933F196E9504E79423,89543868212E821FE08CE7BD,D91D3A1D9C359C824B172A54,3D720DFB5CE1D28EED571848,90098C1A300637D02BDFA3BA,25E84543314923C6ADE1990E,07B9DC2312BF5166DDF2D227,06303B49964B049FCFCA8D0F,9C4281B756C8AA358E10C9F4,81047D9D6D9689457FBC599E,12656D8443B96A871C165E29,A02B1BBA67917F22738D2441,); name = "Mac"; sourceTree = "<group>";};
8BCD5BC4CDFDF0918087C782 = {isa = PBXFileReference; explicitFileType = wrapper.application; path = Briareus.app; sourceTree = BUILT_PRODUCTS_DIR;};
05AF44820469D6A5F714535F = {isa = PBXFileReference; explicitFileType = wrapper.application; path = Briareus.app; sourceTree = BUILT_PRODUCTS_DIR;};
F219C0274590DA45E4BEF1EA = {isa = PBXFileReference; explicitFileType = wrapper.cfbundle; path = BriareusUITests.xctest; sourceTree = BUILT_PRODUCTS_DIR;};
FE0A091FDBFB3E9C31B7A1BD = {isa = PBXGroup; children = (8BCD5BC4CDFDF0918087C782,05AF44820469D6A5F714535F,F219C0274590DA45E4BEF1EA,); name = Products; sourceTree = "<group>";};
B28B7AF69320201D1CF206EB = {isa = PBXGroup; children = (FC4A695F02A8A53A129DCB9A,08BCE2D9A3206BF0D7143D86,8D5093D2C263EEDEAE2010BE,FE0A091FDBFB3E9C31B7A1BD,); sourceTree = "<group>";};
89E1FD6268CC0F221A2BE178 = {isa = XCBuildConfiguration; buildSettings = {IPHONEOS_DEPLOYMENT_TARGET = "17.0"; MACOSX_DEPLOYMENT_TARGET = "14.0"; SDKROOT = "iphoneos"; SWIFT_VERSION = "5.0"; CLANG_ENABLE_MODULES = "YES"; CLANG_ENABLE_OBJC_ARC = "YES"; ENABLE_USER_SCRIPT_SANDBOXING = "YES"; GCC_C_LANGUAGE_STANDARD = "gnu17"; SWIFT_OPTIMIZATION_LEVEL = "-Onone"; DEBUG_INFORMATION_FORMAT = "dwarf"; ENABLE_TESTABILITY = "YES"; SWIFT_ACTIVE_COMPILATION_CONDITIONS = "DEBUG"; }; name = Debug;};
E6DE6C99132752C914FEF632 = {isa = XCBuildConfiguration; buildSettings = {IPHONEOS_DEPLOYMENT_TARGET = "17.0"; MACOSX_DEPLOYMENT_TARGET = "14.0"; SDKROOT = "iphoneos"; SWIFT_VERSION = "5.0"; CLANG_ENABLE_MODULES = "YES"; CLANG_ENABLE_OBJC_ARC = "YES"; ENABLE_USER_SCRIPT_SANDBOXING = "YES"; GCC_C_LANGUAGE_STANDARD = "gnu17"; SWIFT_OPTIMIZATION_LEVEL = "-O"; DEBUG_INFORMATION_FORMAT = "dwarf-with-dsym"; }; name = Release;};
862894B703A6DEDF96A9DD6C = {isa = XCConfigurationList; buildConfigurations = (89E1FD6268CC0F221A2BE178,E6DE6C99132752C914FEF632,); defaultConfigurationIsVisible = 0; defaultConfigurationName = Release;};
E9B2E96ABC5F6856F2BE79CF = {isa = XCBuildConfiguration; buildSettings = {PRODUCT_BUNDLE_IDENTIFIER = "com.okanetsolutions.briareus"; PRODUCT_NAME = "Briareus"; INFOPLIST_FILE = "App/Info.plist"; TARGETED_DEVICE_FAMILY = "1,2"; SUPPORTED_PLATFORMS = "iphoneos iphonesimulator"; CODE_SIGN_STYLE = "Automatic"; DEVELOPMENT_TEAM = "WG98W262CP"; MARKETING_VERSION = "1.0"; CURRENT_PROJECT_VERSION = "1"; ASSETCATALOG_COMPILER_APPICON_NAME = "AppIcon"; LD_RUNPATH_SEARCH_PATHS = "$(inherited) @executable_path/Frameworks"; SUPPORTS_MACCATALYST = "NO"; SUPPORTS_MAC_DESIGNED_FOR_IPHONE_IPAD = "NO"; "CODE_SIGN_ENTITLEMENTS[sdk=iphonesimulator*]" = "App/Briareus-CarPlay.entitlements"; SWIFT_OPTIMIZATION_LEVEL = "-Onone"; DEBUG_INFORMATION_FORMAT = "dwarf"; ENABLE_TESTABILITY = "YES"; SWIFT_ACTIVE_COMPILATION_CONDITIONS = "DEBUG"; }; name = Debug;};
5A8C91857F674E16E2724F47 = {isa = XCBuildConfiguration; buildSettings = {PRODUCT_BUNDLE_IDENTIFIER = "com.okanetsolutions.briareus"; PRODUCT_NAME = "Briareus"; INFOPLIST_FILE = "App/Info.plist"; TARGETED_DEVICE_FAMILY = "1,2"; SUPPORTED_PLATFORMS = "iphoneos iphonesimulator"; CODE_SIGN_STYLE = "Automatic"; DEVELOPMENT_TEAM = "WG98W262CP"; MARKETING_VERSION = "1.0"; CURRENT_PROJECT_VERSION = "1"; ASSETCATALOG_COMPILER_APPICON_NAME = "AppIcon"; LD_RUNPATH_SEARCH_PATHS = "$(inherited) @executable_path/Frameworks"; SUPPORTS_MACCATALYST = "NO"; SUPPORTS_MAC_DESIGNED_FOR_IPHONE_IPAD = "NO"; "CODE_SIGN_ENTITLEMENTS[sdk=iphonesimulator*]" = "App/Briareus-CarPlay.entitlements"; SWIFT_OPTIMIZATION_LEVEL = "-O"; DEBUG_INFORMATION_FORMAT = "dwarf-with-dsym"; }; name = Release;};
F37922C48DA5978D02C9E50E = {isa = XCConfigurationList; buildConfigurations = (E9B2E96ABC5F6856F2BE79CF,5A8C91857F674E16E2724F47,); defaultConfigurationIsVisible = 0; defaultConfigurationName = Release;};
FCEC940375E41513E5F12B9E = {isa = XCBuildConfiguration; buildSettings = {PRODUCT_BUNDLE_IDENTIFIER = "com.okanetsolutions.briareus"; PRODUCT_NAME = "Briareus"; SDKROOT = "macosx"; SUPPORTED_PLATFORMS = "macosx"; INFOPLIST_FILE = "Mac/Info.plist"; CODE_SIGN_ENTITLEMENTS = "Mac/Briareus.entitlements"; CODE_SIGN_STYLE = "Automatic"; DEVELOPMENT_TEAM = "WG98W262CP"; MARKETING_VERSION = "1.0"; CURRENT_PROJECT_VERSION = "1"; ASSETCATALOG_COMPILER_APPICON_NAME = "AppIcon"; ENABLE_HARDENED_RUNTIME = "YES"; COMBINE_HIDPI_IMAGES = "YES"; LD_RUNPATH_SEARCH_PATHS = "$(inherited) @executable_path/../Frameworks"; SWIFT_OPTIMIZATION_LEVEL = "-Onone"; DEBUG_INFORMATION_FORMAT = "dwarf"; ENABLE_TESTABILITY = "YES"; SWIFT_ACTIVE_COMPILATION_CONDITIONS = "DEBUG"; }; name = Debug;};
1109CF6EAE1A139E1319B4A7 = {isa = XCBuildConfiguration; buildSettings = {PRODUCT_BUNDLE_IDENTIFIER = "com.okanetsolutions.briareus"; PRODUCT_NAME = "Briareus"; SDKROOT = "macosx"; SUPPORTED_PLATFORMS = "macosx"; INFOPLIST_FILE = "Mac/Info.plist"; CODE_SIGN_ENTITLEMENTS = "Mac/Briareus.entitlements"; CODE_SIGN_STYLE = "Automatic"; DEVELOPMENT_TEAM = "WG98W262CP"; MARKETING_VERSION = "1.0"; CURRENT_PROJECT_VERSION = "1"; ASSETCATALOG_COMPILER_APPICON_NAME = "AppIcon"; ENABLE_HARDENED_RUNTIME = "YES"; COMBINE_HIDPI_IMAGES = "YES"; LD_RUNPATH_SEARCH_PATHS = "$(inherited) @executable_path/../Frameworks"; SWIFT_OPTIMIZATION_LEVEL = "-O"; DEBUG_INFORMATION_FORMAT = "dwarf-with-dsym"; }; name = Release;};
B42433DBF72A822F58D72E7C = {isa = XCConfigurationList; buildConfigurations = (FCEC940375E41513E5F12B9E,1109CF6EAE1A139E1319B4A7,); defaultConfigurationIsVisible = 0; defaultConfigurationName = Release;};
0F3D67935A4F199E058A017A = {isa = XCBuildConfiguration; buildSettings = {PRODUCT_BUNDLE_IDENTIFIER = "com.okanetsolutions.briareus.uitests"; PRODUCT_NAME = "BriareusUITests"; GENERATE_INFOPLIST_FILE = "YES"; TEST_TARGET_NAME = "Briareus"; TARGETED_DEVICE_FAMILY = "1,2"; SUPPORTED_PLATFORMS = "iphoneos iphonesimulator"; CODE_SIGN_STYLE = "Automatic"; DEVELOPMENT_TEAM = "WG98W262CP"; LD_RUNPATH_SEARCH_PATHS = "$(inherited) @executable_path/Frameworks @loader_path/Frameworks"; SWIFT_OPTIMIZATION_LEVEL = "-Onone"; DEBUG_INFORMATION_FORMAT = "dwarf"; ENABLE_TESTABILITY = "YES"; SWIFT_ACTIVE_COMPILATION_CONDITIONS = "DEBUG"; }; name = Debug;};
20B70E15FDC36C625E57F658 = {isa = XCBuildConfiguration; buildSettings = {PRODUCT_BUNDLE_IDENTIFIER = "com.okanetsolutions.briareus.uitests"; PRODUCT_NAME = "BriareusUITests"; GENERATE_INFOPLIST_FILE = "YES"; TEST_TARGET_NAME = "Briareus"; TARGETED_DEVICE_FAMILY = "1,2"; SUPPORTED_PLATFORMS = "iphoneos iphonesimulator"; CODE_SIGN_STYLE = "Automatic"; DEVELOPMENT_TEAM = "WG98W262CP"; LD_RUNPATH_SEARCH_PATHS = "$(inherited) @executable_path/Frameworks @loader_path/Frameworks"; SWIFT_OPTIMIZATION_LEVEL = "-O"; DEBUG_INFORMATION_FORMAT = "dwarf-with-dsym"; }; name = Release;};
61AF5D6BEA2D148C6F2833BF = {isa = XCConfigurationList; buildConfigurations = (0F3D67935A4F199E058A017A,20B70E15FDC36C625E57F658,); defaultConfigurationIsVisible = 0; defaultConfigurationName = Release;};
67AA5A03CB930293D6447958 = {isa = XCRemoteSwiftPackageReference; repositoryURL = "https://github.com/stasel/WebRTC"; requirement = {kind = exactVersion; version = "154.0.0";};};
3A18E53217D10C76A5E7157A = {isa = XCSwiftPackageProductDependency; package = 67AA5A03CB930293D6447958; productName = WebRTC;};
E5BF0DE11D2065011929BFD8 = {isa = PBXBuildFile; productRef = 3A18E53217D10C76A5E7157A;};
971ED9D05B25DB6C4D7680D4 = {isa = PBXSourcesBuildPhase; buildActionMask = 2147483647; files = (975F2499D41BF242E435F47E,8024E32BEEE3CA14D5267EB5,644489498FE8AF8932989E5A,AC0A52578FCB502A45E1CA70,DDFB2E33654892D57939385E,AEAA00CA32A9431B835EC126,394601BFADC440FE4D2F8FB0,2B51E6508031477F65CBA677,EBF187BEB2BD81C46FE726CC,E421D3FDE0095AAB5105186B,04F38427ECC57D9E2592F7FA,1A4200EADC9BBA56B0C56F62,50DE31D120E88090BE10F369,13E32967674C9A8810D044A1,A06ED60D8564564D31F1E343,B3E4A317DDEBE42C333EFEBC,1F12DDDFADC20445A465A9FE,CDE9FA5939C3A30739B6EF7E,BF8E90A9914BF0B5BA15D2B0,476ECCD0CD80AD11957BD953,BA7BB293A7E8C6EB5DC4B3A9,81B15C8B90A9D4689B40F522,A1F0054893663F756D0301BE,9FF0D2FBAAC88848BEAB6127,6669D82276C0AD8890F11852,19FE9C87E445C64736E90A68,F1E02D7048290481CA4F915B,DB44D8528EDDAD360EE0D91C,DD9A9D2BCE2F16293CF198C5,4DCC6949811DA657E767778B,EF533A2EC2F2CE2F638694FA,E24F25692BDAB37376A1311E,35BD5EED3E835D890D6DDF46,E9C110432AD3A96CCB783012,2C2A948FF1D8AFA81AECF478,5B8749248E5ACF60B398825F,3F6665DD640B89226210F77D,F76C2FFD6F8B8F1CEE43980B,279449D048C8CF88E76FDA84,F9FD3CC1031A7A664C693C01,A8D7AF66F61F0EAF9E9C93C5,041BB6B334DF17D77A658457,768E4B7F73D7580D13A1AC4D,1D54BF6B75C99BF0BEECDEF5,A9A0E4541C3E9ED1BAC1EC51,270B69D959FA10F3161238D7,F42B2435D9AED129F2CDF00E,43F01367BF7A7128EACCCAE6,80FF9F4FD901E452A9CF8A1C,36AE8327BF547D7378911518,9E63F810B2D08118E49205B7,5DEA1690CECA10E93CE06FD3,ED1C993BE98ABD12ADB7C247,59B5C4260190377DA5BC65A5,8E99659DDDA127DBBF398C6E,CEB6DA4E2A6FF7627C1A6B15,D2F21DCB27B8151AA14CE815,6DB03136A982F5D54BC7C3FB,1F1DEC95B4D2BDAA6062ED6E,ECF35AB1D96D8BF004CFBABA,02EC302F9392BB53486ABBED,8C27F70BD6A6F90882E990EC,0C3EEC05487F33F311B90031,813977F7D634EE4C763697DC,173BF9D2CB8C81CE16DC5CCC,0E9D260E999DA21D97B88011,); runOnlyForDeploymentPostprocessing = 0;};
78AE8C6BEB2A40A6D824CCEE = {isa = PBXFrameworksBuildPhase; buildActionMask = 2147483647; files = (E5BF0DE11D2065011929BFD8,); runOnlyForDeploymentPostprocessing = 0;};
364863F9F2E558B0F50473FC = {isa = PBXResourcesBuildPhase; buildActionMask = 2147483647; files = (F393B25561589E45A7A55E69,168227E37D04E2910FDCA52B,); runOnlyForDeploymentPostprocessing = 0;};
C13732C8E715C9BEE4FA51C9 = {isa = PBXNativeTarget; buildConfigurationList = F37922C48DA5978D02C9E50E; buildPhases = (971ED9D05B25DB6C4D7680D4,78AE8C6BEB2A40A6D824CCEE,364863F9F2E558B0F50473FC,); buildRules = (); dependencies = (); packageProductDependencies = (3A18E53217D10C76A5E7157A,); name = Briareus; productName = Briareus; productReference = 8BCD5BC4CDFDF0918087C782; productType = "com.apple.product-type.application";};
3375EA04324642D337D927D6 = {isa = PBXSourcesBuildPhase; buildActionMask = 2147483647; files = (5F239CCC51598EFE835FBD8B,BDA367C6A9DD1BF571A9B27C,13BF32B96FDCEABAADBFE870,18BC6DFC8E71FF992324F1B7,8EA9482C1AA5A51703A0FB65,A4FD98765654E5D2738877AD,1847352401B8BC76F247C6C3,11BF29B5A272E5DA6F5CED4A,ADBD95BF8EC687AECEB722E6,4C9DDE2D4D39AD7F5A6E41D8,D6616D2EC9E2406CE3AC2FFE,883EC5FAEA6A496BA489068A,8FC54FA12B5E40AE1F20EE28,9E1E482EC230CAE42C7080B9,A960B7900E36FEE986826D8A,E9B487F818811AF3C040E14A,29227A9035B2B99017786B96,22F907174BD08F7983FCB042,0F35AA5DE538A43E9AC88C02,0C92FC9934C6CC6EC9F55E9D,896BD3DC2A2A5284325FF5ED,99C21744422D6E290F592A70,A3CF1B073C643726A536351A,8A7140FACA13CA91EE54B61C,36BE0D77C4DCD7791BDAF9AC,CE65FD692B6B61B9B51A772B,365E0EB1107633D341CDF596,9EF84EFDFF5CBBF4D6D51504,9828E4BD38F2099156959061,2B1DAAFE69AB20AA026D73C4,DF627B8AC3A254551B90A3F3,84F00AE976C2DD35D755E749,E193B6B56F968BCB83D924F0,43E29B094AECE39EE2DDCC42,A4BCE2CD327887EC0D25B276,32BEF2FD5FD6BAADD1DFE21D,6B0E6D86C5981ACD4F67ED9E,9204B07ECE6C74B728235EFA,243A63DB95F4ABC3A516A704,9876CACC9274D23079320869,EF975C533005F577DEA2F6EE,D766D0581ECD32E30C9E894F,7CBA75378760B94E663D53CB,E180BF90A316A44E7A60AC94,694E81B9C4831A353E52456C,660006676A5A28653015FFF8,6F89CA09EAABFCA7ABEEF823,BCC71EFC7B7FCF8F895FDE8D,28CCC60B86A675AB2BA659BA,D2CB644BA42A63F88880E1F8,C203AD1F47E25C42FCE64A7B,8645E0943FD6310F266D53B1,8C30D347D40FE502E7A08743,C645539ADD84B7C61F94AA79,7EE55E592D62AE0AD47FBEC8,63CB3F4F767C3E42505703D7,E2A5CAB9A3F5541203A90EEA,A480A57A43F08072EF03EA36,AFCD6361C2773616B77DF805,B6ED2B2875B09690DC1BC93D,709DF7C2FBE3903759B2E53F,7573BFED7F1EA3C47C4982C1,550D208F811913D11A1E31DA,91D4E7A07BD576E0714A6538,84EF6DE18D0125C21B0CBA80,5B4704415AD544DE7B6E4EE7,EEA48C4451FC59243BB5791E,3F7A89F6469B4D4114C71EA1,4F799B5321CBF98282D76756,5B1E750E8372797488F5D479,2944DD6754C950119B12AE23,ED7E217BA13DEBE65A118779,D2272AD01C96F6B8A2AFECDB,2562DB66F3E55D1D10A03AA8,7111D3AABBC9F79793619433,5207647628F08CB3C94FFDD0,D8DA72FC728052E836E2D7B1,153819B980B9664248790E5D,440F61430FF77168318E5477,); runOnlyForDeploymentPostprocessing = 0;};
2A8C225853EEDD85673D1D85 = {isa = PBXFrameworksBuildPhase; buildActionMask = 2147483647; files = (); runOnlyForDeploymentPostprocessing = 0;};
29FFF143ECDD60E83EF9035A = {isa = PBXResourcesBuildPhase; buildActionMask = 2147483647; files = (B419703F733556E2F0430164,); runOnlyForDeploymentPostprocessing = 0;};
CA89A484BCBA566AA1A41918 = {isa = PBXNativeTarget; buildConfigurationList = B42433DBF72A822F58D72E7C; buildPhases = (3375EA04324642D337D927D6,2A8C225853EEDD85673D1D85,29FFF143ECDD60E83EF9035A,); buildRules = (); dependencies = (); name = "Briareus Mac"; productName = Briareus; productReference = 05AF44820469D6A5F714535F; productType = "com.apple.product-type.application";};
D799BAE6088A90139B415FCC = {isa = PBXContainerItemProxy; containerPortal = 98F54143AB4E86B28C3AFEE0; proxyType = 1; remoteGlobalIDString = C13732C8E715C9BEE4FA51C9; remoteInfo = Briareus;};
E9FAD0C6CD43534327C0AF90 = {isa = PBXTargetDependency; target = C13732C8E715C9BEE4FA51C9; targetProxy = D799BAE6088A90139B415FCC;};
6E431EB0650617AA1756B320 = {isa = PBXSourcesBuildPhase; buildActionMask = 2147483647; files = (87E08AD776435B6EEFC01FBA,); runOnlyForDeploymentPostprocessing = 0;};
1ABF84E55BD30AC2CEF8FC42 = {isa = PBXFrameworksBuildPhase; buildActionMask = 2147483647; files = (); runOnlyForDeploymentPostprocessing = 0;};
7DED7670B79BEA8B7480B1FC = {isa = PBXResourcesBuildPhase; buildActionMask = 2147483647; files = (); runOnlyForDeploymentPostprocessing = 0;};
64BCB755386F844C96A2A5B0 = {isa = PBXNativeTarget; buildConfigurationList = 61AF5D6BEA2D148C6F2833BF; buildPhases = (6E431EB0650617AA1756B320,1ABF84E55BD30AC2CEF8FC42,7DED7670B79BEA8B7480B1FC,); buildRules = (); dependencies = (E9FAD0C6CD43534327C0AF90,); name = BriareusUITests; productName = BriareusUITests; productReference = F219C0274590DA45E4BEF1EA; productType = "com.apple.product-type.bundle.ui-testing";};
98F54143AB4E86B28C3AFEE0 = {isa = PBXProject; attributes = {LastUpgradeCheck = 1600; TargetAttributes = {C13732C8E715C9BEE4FA51C9 = {CreatedOnToolsVersion = 16.0;}; CA89A484BCBA566AA1A41918 = {CreatedOnToolsVersion = 16.0;}; 64BCB755386F844C96A2A5B0 = {CreatedOnToolsVersion = 16.0; TestTargetID = C13732C8E715C9BEE4FA51C9;};};}; buildConfigurationList = 862894B703A6DEDF96A9DD6C; compatibilityVersion = "Xcode 14.0"; developmentRegion = en; hasScannedForEncodings = 0; knownRegions = (en, Base,); mainGroup = B28B7AF69320201D1CF206EB; packageReferences = (67AA5A03CB930293D6447958,); productRefGroup = FE0A091FDBFB3E9C31B7A1BD; projectDirPath = ""; projectRoot = ""; targets = (C13732C8E715C9BEE4FA51C9,CA89A484BCBA566AA1A41918,64BCB755386F844C96A2A5B0,);};
}; rootObject = 98F54143AB4E86B28C3AFEE0; }
